
Microsoft Visual Studio Solution File, Format Version 12.00
# Visual Studio Version 17
VisualStudioVersion = 17.8.34525.116
MinimumVisualStudioVersion = 10.0.40219.1
Project("{FAE04EC0-301F-11D3-BF4B-00C04F79EFBC}") = "Auth", "Auth\Auth.csproj", "{B94DDAC0-1FD3-4023-9CD6-5BAD6DB5D325}"
EndProject
Global
	GlobalSection(SolutionConfigurationPlatforms) = preSolution
		Debug|Any CPU = Debug|Any CPU
		Release|Any CPU = Release|Any CPU
	EndGlobalSection
	GlobalSection(ProjectConfigurationPlatforms) = postSolution
		{B94DDAC0-1FD3-4023-9CD6-5BAD6DB5D325}.Debug|Any CPU.ActiveCfg = Debug|Any CPU
		{B94DDAC0-1FD3-4023-9CD6-5BAD6DB5D325}.Debug|Any CPU.Build.0 = Debug|Any CPU
		{B94DDAC0-1FD3-4023-9CD6-5BAD6DB5D325}.Release|Any CPU.ActiveCfg = Release|Any CPU
		{B94DDAC0-1FD3-4023-9CD6-5BAD6DB5D325}.Release|Any CPU.Build.0 = Release|Any CPU
	EndGlobalSection
	GlobalSection(SolutionProperties) = preSolution
		HideSolutionNode = FALSE
	EndGlobalSection
	GlobalSection(ExtensibilityGlobals) = postSolution
		SolutionGuid = {241D67C2-3DD0-4ED5-B810-9A79F2DA8D39}
	EndGlobalSection
EndGlobal
